
Microsoft Visual Studio Solution File, Format Version 12.00
# Visual Studio 15
VisualStudioVersion = 15.0.27130.2010
MinimumVisualStudioVersion = 10.0.40219.1
Project("{FAE04EC0-301F-11D3-BF4B-00C04F79EFBC}") = "VisualGGPK", "VisualGGPK\VisualGGPK.csproj", "{5DEF5905-D80F-47BD-85DB-7B83B5815247}"
EndProject
Project("{FAE04EC0-301F-11D3-BF4B-00C04F79EFBC}") = "LibGGPK", "LibGGPK\LibGGPK.csproj", "{6D97AF87-4B0A-4F43-A209-801CC72ABE75}"
EndProject
Project("{FAE04EC0-301F-11D3-BF4B-00C04F79EFBC}") = "LibDat", "LibDat\LibDat.csproj", "{8F9FC78E-6181-4447-AC45-56173C16A0FA}"
EndProject
Project("{FAE04EC0-301F-11D3-BF4B-00C04F79EFBC}") = "PoeStrings", "PoeStrings\PoeStrings.csproj", "{F6AB4750-B24F-47FD-9827-97FF93027444}"
EndProject
Project("{FAE04EC0-301F-11D3-BF4B-00C04F79EFBC}") = "DefragmentGPPK", "DefragmentGPPK\DefragmentGPPK.csproj", "{934527B9-FBEB-4867-B4C8-DC4048D7B6DD}"
EndProject
Project("{FAE04EC0-301F-11D3-BF4B-00C04F79EFBC}") = "DatConverter", "DatConverter\DatConverter.csproj", "{9FE0E2B5-BB5F-430E-960B-132DB794880C}"
EndProject
Project("{FAE04EC0-301F-11D3-BF4B-00C04F79EFBC}") = "ExportGGPK", "ExportGGPK\ExportGGPK.csproj", "{01F3069E-63FD-4053-8B3E-DF683B743605}"
EndProject
Global
	GlobalSection(SolutionConfigurationPlatforms) = preSolution
		Debug|Any CPU = Debug|Any CPU
		Debug|x64 = Debug|x64
		Release|Any CPU = Release|Any CPU
		Release|x64 = Release|x64
	EndGlobalSection
	GlobalSection(ProjectConfigurationPlatforms) = postSolution
		{5DEF5905-D80F-47BD-85DB-7B83B5815247}.Debug|Any CPU.ActiveCfg = Debug|x86
		{5DEF5905-D80F-47BD-85DB-7B83B5815247}.Debug|x64.ActiveCfg = Debug|x64
		{5DEF5905-D80F-47BD-85DB-7B83B5815247}.Debug|x64.Build.0 = Debug|x64
		{5DEF5905-D80F-47BD-85DB-7B83B5815247}.Release|Any CPU.ActiveCfg = Release|x86
		{5DEF5905-D80F-47BD-85DB-7B83B5815247}.Release|x64.ActiveCfg = Release|x64
		{6D97AF87-4B0A-4F43-A209-801CC72ABE75}.Debug|Any CPU.ActiveCfg = Debug|Any CPU
		{6D97AF87-4B0A-4F43-A209-801CC72ABE75}.Debug|Any CPU.Build.0 = Debug|Any CPU
		{6D97AF87-4B0A-4F43-A209-801CC72ABE75}.Debug|x64.ActiveCfg = Debug|x64
		{6D97AF87-4B0A-4F43-A209-801CC72ABE75}.Debug|x64.Build.0 = Debug|x64
		{6D97AF87-4B0A-4F43-A209-801CC72ABE75}.Release|Any CPU.ActiveCfg = Release|Any CPU
		{6D97AF87-4B0A-4F43-A209-801CC72ABE75}.Release|Any CPU.Build.0 = Release|Any CPU
		{6D97AF87-4B0A-4F43-A209-801CC72ABE75}.Release|x64.ActiveCfg = Release|x64
		{6D97AF87-4B0A-4F43-A209-801CC72ABE75}.Release|x64.Build.0 = Release|x64
		{8F9FC78E-6181-4447-AC45-56173C16A0FA}.Debug|Any CPU.ActiveCfg = Debug|Any CPU
		{8F9FC78E-6181-4447-AC45-56173C16A0FA}.Debug|Any CPU.Build.0 = Debug|Any CPU
		{8F9FC78E-6181-4447-AC45-56173C16A0FA}.Debug|x64.ActiveCfg = Debug|x64
		{8F9FC78E-6181-4447-AC45-56173C16A0FA}.Debug|x64.Build.0 = Debug|x64
		{8F9FC78E-6181-4447-AC45-56173C16A0FA}.Release|Any CPU.ActiveCfg = Release|Any CPU
		{8F9FC78E-6181-4447-AC45-56173C16A0FA}.Release|Any CPU.Build.0 = Release|Any CPU
		{8F9FC78E-6181-4447-AC45-56173C16A0FA}.Release|x64.ActiveCfg = Release|x64
		{8F9FC78E-6181-4447-AC45-56173C16A0FA}.Release|x64.Build.0 = Release|x64
		{F6AB4750-B24F-47FD-9827-97FF93027444}.Debug|Any CPU.ActiveCfg = Debug|Any CPU
		{F6AB4750-B24F-47FD-9827-97FF93027444}.Debug|Any CPU.Build.0 = Debug|Any CPU
		{F6AB4750-B24F-47FD-9827-97FF93027444}.Debug|x64.ActiveCfg = Debug|x64
		{F6AB4750-B24F-47FD-9827-97FF93027444}.Debug|x64.Build.0 = Debug|x64
		{F6AB4750-B24F-47FD-9827-97FF93027444}.Release|Any CPU.ActiveCfg = Release|Any CPU
		{F6AB4750-B24F-47FD-9827-97FF93027444}.Release|Any CPU.Build.0 = Release|Any CPU
		{F6AB4750-B24F-47FD-9827-97FF93027444}.Release|x64.ActiveCfg = Release|x64
		{F6AB4750-B24F-47FD-9827-97FF93027444}.Release|x64.Build.0 = Release|x64
		{934527B9-FBEB-4867-B4C8-DC4048D7B6DD}.Debug|Any CPU.ActiveCfg = Debug|Any CPU
		{934527B9-FBEB-4867-B4C8-DC4048D7B6DD}.Debug|Any CPU.Build.0 = Debug|Any CPU
		{934527B9-FBEB-4867-B4C8-DC4048D7B6DD}.Debug|x64.ActiveCfg = Debug|x64
		{934527B9-FBEB-4867-B4C8-DC4048D7B6DD}.Debug|x64.Build.0 = Debug|x64
		{934527B9-FBEB-4867-B4C8-DC4048D7B6DD}.Release|Any CPU.ActiveCfg = Release|Any CPU
		{934527B9-FBEB-4867-B4C8-DC4048D7B6DD}.Release|Any CPU.Build.0 = Release|Any CPU
		{934527B9-FBEB-4867-B4C8-DC4048D7B6DD}.Release|x64.ActiveCfg = Release|x64
		{934527B9-FBEB-4867-B4C8-DC4048D7B6DD}.Release|x64.Build.0 = Release|x64
		{9FE0E2B5-BB5F-430E-960B-132DB794880C}.Debug|Any CPU.ActiveCfg = Debug|Any CPU
		{9FE0E2B5-BB5F-430E-960B-132DB794880C}.Debug|Any CPU.Build.0 = Debug|Any CPU
		{9FE0E2B5-BB5F-430E-960B-132DB794880C}.Debug|x64.ActiveCfg = Debug|x64
		{9FE0E2B5-BB5F-430E-960B-132DB794880C}.Debug|x64.Build.0 = Debug|x64
		{9FE0E2B5-BB5F-430E-960B-132DB794880C}.Release|Any CPU.ActiveCfg = Release|Any CPU
		{9FE0E2B5-BB5F-430E-960B-132DB794880C}.Release|Any CPU.Build.0 = Release|Any CPU
		{9FE0E2B5-BB5F-430E-960B-132DB794880C}.Release|x64.ActiveCfg = Release|x64
		{9FE0E2B5-BB5F-430E-960B-132DB794880C}.Release|x64.Build.0 = Release|x64
		{01F3069E-63FD-4053-8B3E-DF683B743605}.Debug|Any CPU.ActiveCfg = Debug|Any CPU
		{01F3069E-63FD-4053-8B3E-DF683B743605}.Debug|Any CPU.Build.0 = Debug|Any CPU
		{01F3069E-63FD-4053-8B3E-DF683B743605}.Debug|x64.ActiveCfg = Debug|x64
		{01F3069E-63FD-4053-8B3E-DF683B743605}.Debug|x64.Build.0 = Debug|x64
		{01F3069E-63FD-4053-8B3E-DF683B743605}.Release|Any CPU.ActiveCfg = Release|Any CPU
		{01F3069E-63FD-4053-8B3E-DF683B743605}.Release|Any CPU.Build.0 = Release|Any CPU
		{01F3069E-63FD-4053-8B3E-DF683B743605}.Release|x64.ActiveCfg = Release|x64
		{01F3069E-63FD-4053-8B3E-DF683B743605}.Release|x64.Build.0 = Release|x64
	EndGlobalSection
	GlobalSection(SolutionProperties) = preSolution
		HideSolutionNode = FALSE
	EndGlobalSection
	GlobalSection(ExtensibilityGlobals) = postSolution
		SolutionGuid = {610ABB1C-621E-4375-AC48-0C8FDD64F7BF}
	EndGlobalSection
EndGlobal
